<?xml version="1.0" encoding="utf-8"?>
<Project ToolsVersion="4.0" xmlns="http://schemas.microsoft.com/developer/msbuild/2003">
  <ItemGroup>
    <Manifest Include="TopmoreKit.manifest" />
  </ItemGroup>
  <ItemGroup>
    <ClCompile Include="TopmoreKit.cpp" />
    <ClCompile Include="TopmoreKitMainWindow.cpp">
      <Filter>TopmoreKitMainWindow</Filter>
    </ClCompile>
    <ClCompile Include="TopmoreKitCustomTabStyle.cpp">
      <Filter>TopmoreKitCustomTabStyle</Filter>
    </ClCompile>
    <ClCompile Include="TopmoreKitSettingsTab.cpp">
      <Filter>TopmoreKitSettingsTab</Filter>
    </ClCompile>
    <ClCompile Include="TopmoreKitSSDManagerTab.cpp">
      <Filter>TopmoreKitSSDManagerTab</Filter>
    </ClCompile>
  </ItemGroup>
  <ItemGroup>
    <Filter Include="TopmoreKitMainWindow">
      <UniqueIdentifier>{b738f1ce-7c8b-4e54-8f6a-af81e0ded457}</UniqueIdentifier>
    </Filter>
    <Filter Include="TopmoreKitCustomTabStyle">
      <UniqueIdentifier>{503f5feb-0cce-462e-98ee-a813ed741ee4}</UniqueIdentifier>
    </Filter>
    <Filter Include="TopmoreKitSettingsTab">
      <UniqueIdentifier>{6c1d2897-9676-44da-8ed1-ea4d3a57305f}</UniqueIdentifier>
    </Filter>
    <Filter Include="TopmoreKitSSDManagerTab">
      <UniqueIdentifier>{dfd67e2d-a753-43e5-bd3a-e90316f4df75}</UniqueIdentifier>
    </Filter>
  </ItemGroup>
  <ItemGroup>
    <QtMoc Include="TopmoreKitMainWindow.h">
      <Filter>TopmoreKitMainWindow</Filter>
    </QtMoc>
    <QtMoc Include="TopmoreKitSettingsTab.h">
      <Filter>TopmoreKitSettingsTab</Filter>
    </QtMoc>
    <QtMoc Include="TopmoreKitSSDManagerTab.h">
      <Filter>TopmoreKitSSDManagerTab</Filter>
    </QtMoc>
  </ItemGroup>
  <ItemGroup>
    <QtUic Include="TopmoreKitMainWindow.ui">
      <Filter>TopmoreKitMainWindow</Filter>
    </QtUic>
    <QtUic Include="TopmoreKitSettingsTab.ui">
      <Filter>TopmoreKitSettingsTab</Filter>
    </QtUic>
    <QtUic Include="TopmoreKitSSDManagerTab.ui">
      <Filter>TopmoreKitSSDManagerTab</Filter>
    </QtUic>
  </ItemGroup>
  <ItemGroup>
    <ClInclude Include="TopmoreKitCustomTabStyle.h">
      <Filter>TopmoreKitCustomTabStyle</Filter>
    </ClInclude>
  </ItemGroup>
</Project>